
Microsoft Visual Studio Solution File, Format Version 12.00
# Visual Studio Version 17
VisualStudioVersion = 17.9.34902.65
MinimumVisualStudioVersion = 10.0.40219.1
Project("{FAE04EC0-301F-11D3-BF4B-00C04F79EFBC}") = "AppQuanLyKhachSan", "AppQuanLyKhachSan.csproj", "{FCA214A5-8138-4794-AA5A-C0B5CE10482F}"
EndProject
Global
	GlobalSection(SolutionConfigurationPlatforms) = preSolution
		Debug|Any CPU = Debug|Any CPU
		Release|Any CPU = Release|Any CPU
	EndGlobalSection
	GlobalSection(ProjectConfigurationPlatforms) = postSolution
		{FCA214A5-8138-4794-AA5A-C0B5CE10482F}.Debug|Any CPU.ActiveCfg = Debug|Any CPU
		{FCA214A5-8138-4794-AA5A-C0B5CE10482F}.Debug|Any CPU.Build.0 = Debug|Any CPU
		{FCA214A5-8138-4794-AA5A-C0B5CE10482F}.Release|Any CPU.ActiveCfg = Release|Any CPU
		{FCA214A5-8138-4794-AA5A-C0B5CE10482F}.Release|Any CPU.Build.0 = Release|Any CPU
	EndGlobalSection
	GlobalSection(SolutionProperties) = preSolution
		HideSolutionNode = FALSE
	EndGlobalSection
	GlobalSection(ExtensibilityGlobals) = postSolution
		SolutionGuid = {44128053-20B0-41EA-9CB1-250880883A7E}
	EndGlobalSection
EndGlobal
